
Microsoft Visual Studio Solution File, Format Version 12.00
# Visual Studio Version 16
VisualStudioVersion = 16.0.33328.57
MinimumVisualStudioVersion = 10.0.40219.1
Project("{FAE04EC0-301F-11D3-BF4B-00C04F79EFBC}") = "Peso ideal para uma pessoa", "Peso ideal para uma pessoa\Peso ideal para uma pessoa.csproj", "{A003310D-F681-44D2-BEA1-12F386D6DDD8}"
EndProject
Global
	GlobalSection(SolutionConfigurationPlatforms) = preSolution
		Debug|Any CPU = Debug|Any CPU
		Release|Any CPU = Release|Any CPU
	EndGlobalSection
	GlobalSection(ProjectConfigurationPlatforms) = postSolution
		{A003310D-F681-44D2-BEA1-12F386D6DDD8}.Debug|Any CPU.ActiveCfg = Debug|Any CPU
		{A003310D-F681-44D2-BEA1-12F386D6DDD8}.Debug|Any CPU.Build.0 = Debug|Any CPU
		{A003310D-F681-44D2-BEA1-12F386D6DDD8}.Release|Any CPU.ActiveCfg = Release|Any CPU
		{A003310D-F681-44D2-BEA1-12F386D6DDD8}.Release|Any CPU.Build.0 = Release|Any CPU
	EndGlobalSection
	GlobalSection(SolutionProperties) = preSolution
		HideSolutionNode = FALSE
	EndGlobalSection
	GlobalSection(ExtensibilityGlobals) = postSolution
		SolutionGuid = {F0071E7F-B2FC-4E32-A249-FB5C98C8D5CC}
	EndGlobalSection
EndGlobal
